
Microsoft Visual Studio Solution File, Format Version 12.00
# Visual Studio Version 17
VisualStudioVersion = 17.14.36616.10 d17.14
MinimumVisualStudioVersion = 10.0.40219.1
Project("{FAE04EC0-301F-11D3-BF4B-00C04F79EFBC}") = "CulinaryPursuit", "CulinaryPursuit.csproj", "{76CF610B-62C5-4B3C-8B8B-EC820109E941}"
EndProject
Global
	GlobalSection(SolutionConfigurationPlatforms) = preSolution
		Debug|Any CPU = Debug|Any CPU
		Release|Any CPU = Release|Any CPU
	EndGlobalSection
	GlobalSection(ProjectConfigurationPlatforms) = postSolution
		{76CF610B-62C5-4B3C-8B8B-EC820109E941}.Debug|Any CPU.ActiveCfg = Debug|Any CPU
		{76CF610B-62C5-4B3C-8B8B-EC820109E941}.Debug|Any CPU.Build.0 = Debug|Any CPU
		{76CF610B-62C5-4B3C-8B8B-EC820109E941}.Release|Any CPU.ActiveCfg = Release|Any CPU
		{76CF610B-62C5-4B3C-8B8B-EC820109E941}.Release|Any CPU.Build.0 = Release|Any CPU
	EndGlobalSection
	GlobalSection(SolutionProperties) = preSolution
		HideSolutionNode = FALSE
	EndGlobalSection
	GlobalSection(ExtensibilityGlobals) = postSolution
		SolutionGuid = {3CADC069-1E9C-4374-A2A7-D0FAB14EBC6F}
	EndGlobalSection
EndGlobal
